{
  "name": "babel-plugin-remove-jsx-attribute",
  "version": "0.0.1",
  "lockfileVersion": 1,
  "requires": true,
  "dependencies": {
    "babel-code-frame": {
      "version": "6.26.0",
      "resolved": "http://registry.npm.taobao.org/babel-code-frame/download/babel-code-frame-6.26.0.tgz",
      "dev": true,
      "requires": {
        "js-tokens": "^3.0.2"
      },
      "dependencies": {
        "chalk": {
          "version": "http://registry.npm.taobao.org/chalk/download/chalk-1.1.3.tgz",
          "bundled": true
        },
        "esutils": {
          "version": "http://registry.npm.taobao.org/esutils/download/esutils-2.0.2.tgz",
          "bundled": true
        },
        "js-tokens": {
          "version": "3.0.2",
          "resolved": "http://registry.npm.taobao.org/js-tokens/download/js-tokens-3.0.2.tgz",
          "integrity": "sha1-mGbfOVECEw449/mWvOtlRDIJwls=",
          "dev": true
        }
      }
    },
    "babel-core": {
      "version": "6.26.3",
      "resolved": "http://registry.npm.taobao.org/babel-core/download/babel-core-6.26.3.tgz",
      "integrity": "sha1-suLwnjQtDwyI4vAuBneUEl51wgc=",
      "dev": true,
      "requires": {
        "babel-code-frame": "^6.26.0",
        "babel-generator": "^6.26.0",
        "babel-helpers": "^6.24.1",
        "babel-messages": "^6.23.0",
        "babel-register": "^6.26.0",
        "babel-runtime": "^6.26.0",
        "babel-template": "^6.26.0",
        "babel-traverse": "^6.26.0",
        "babel-types": "^6.26.0",
        "babylon": "^6.18.0",
        "convert-source-map": "^1.5.1",
        "debug": "^2.6.9",
        "json5": "^0.5.1",
        "lodash": "^4.17.4",
        "minimatch": "^3.0.4",
        "path-is-absolute": "^1.0.1",
        "private": "^0.1.8",
        "slash": "^1.0.0",
        "source-map": "^0.5.7"
      },
      "dependencies": {
        "babel-messages": {
          "version": "6.23.0",
          "resolved": "http://registry.npm.taobao.org/babel-messages/download/babel-messages-6.23.0.tgz",
          "integrity": "sha1-8830cDhYA1sqKVHG7F7fbGLyYw4=",
          "dev": true,
          "requires": {
            "babel-runtime": "^6.22.0"
          }
        },
        "babel-register": {
          "version": "6.26.0",
          "resolved": "http://registry.npm.taobao.org/babel-register/download/babel-register-6.26.0.tgz",
          "integrity": "sha1-btAhFz4vy0htestFxgCahW9kcHE=",
          "dev": true,
          "requires": {
            "babel-core": "^6.26.0",
            "babel-runtime": "^6.26.0",
            "core-js": "^2.5.0",
            "home-or-tmp": "^2.0.0",
            "lodash": "^4.17.4",
            "mkdirp": "^0.5.1",
            "source-map-support": "^0.4.15"
          }
        },
        "babel-runtime": {
          "version": "6.26.0",
          "resolved": "http://registry.npm.taobao.org/babel-runtime/download/babel-runtime-6.26.0.tgz",
          "integrity": "sha1-llxwWGaOgrVde/4E/yM3vItWR/4=",
          "dev": true,
          "requires": {
            "core-js": "^2.4.0",
            "regenerator-runtime": "^0.11.0"
          }
        },
        "babel-traverse": {
          "version": "6.26.0",
          "resolved": "http://registry.npm.taobao.org/babel-traverse/download/babel-traverse-6.26.0.tgz",
          "integrity": "sha1-RqnL1+3MYsjlwGTi0tjQ9ANXZu4=",
          "dev": true,
          "requires": {
            "babel-code-frame": "^6.26.0",
            "babel-messages": "^6.23.0",
            "babel-runtime": "^6.26.0",
            "babel-types": "^6.26.0",
            "babylon": "^6.18.0",
            "debug": "^2.6.8",
            "globals": "^9.18.0",
            "invariant": "^2.2.2",
            "lodash": "^4.17.4"
          }
        },
        "json5": {
          "version": "0.5.1",
          "resolved": "http://registry.npm.taobao.org/json5/download/json5-0.5.1.tgz",
          "integrity": "sha1-Hq3nrMASA0rYTiOWdn6tn6VJWCE=",
          "dev": true
        },
        "mkdirp": {
          "version": "0.5.1",
          "resolved": "http://registry.npm.taobao.org/mkdirp/download/mkdirp-0.5.1.tgz",
          "integrity": "sha1-MAV0OOrGz3+MR2fzhkjWaX11yQM=",
          "dev": true,
          "requires": {
            "minimist": "0.0.8"
          }
        },
        "path-is-absolute": {
          "version": "1.0.1",
          "resolved": "http://registry.npm.taobao.org/path-is-absolute/download/path-is-absolute-1.0.1.tgz",
          "integrity": "sha1-F0uSaHNVNP+8es5r9TpanhtcX18=",
          "dev": true
        },
        "source-map": {
          "version": "0.5.7",
          "resolved": "http://registry.npm.taobao.org/source-map/download/source-map-0.5.7.tgz",
          "integrity": "sha1-igOdLRAh0i0eoUyA2OpGi6LvP8w=",
          "dev": true
        },
        "source-map-support": {
          "version": "0.4.18",
          "resolved": "http://registry.npm.taobao.org/source-map-support/download/source-map-support-0.4.18.tgz",
          "integrity": "sha1-Aoam3ovkJkEzhZTpfM6nXwosWF8=",
          "dev": true,
          "requires": {
            "source-map": "^0.5.6"
          }
        }
      }
    },
    "babel-generator": {
      "version": "6.26.1",
      "resolved": "http://registry.npm.taobao.org/babel-generator/download/babel-generator-6.26.1.tgz",
      "dev": true,
      "requires": {
        "babel-runtime": "^6.26.0",
        "babel-types": "^6.26.0",
        "lodash": "^4.17.4"
      },
      "dependencies": {
        "babel-messages": {
          "version": "http://registry.npm.taobao.org/babel-messages/download/babel-messages-6.23.0.tgz",
          "bundled": true,
          "dependencies": {
            "babel-runtime": {
              "version": "http://registry.npm.taobao.org/babel-runtime/download/babel-runtime-6.26.0.tgz"
            }
          }
        },
        "babel-runtime": {
          "version": "http://registry.npm.taobao.org/babel-runtime/download/babel-runtime-6.26.0.tgz",
          "bundled": true,
          "dependencies": {
            "core-js": {
              "version": "http://registry.npm.taobao.org/core-js/download/core-js-2.5.7.tgz"
            },
            "regenerator-runtime": {
              "version": "http://registry.npm.taobao.org/regenerator-runtime/download/regenerator-runtime-0.11.1.tgz"
            }
          }
        },
        "babel-types": {
          "version": "http://registry.npm.taobao.org/babel-types/download/babel-types-6.26.0.tgz",
          "bundled": true
        },
        "detect-indent": {
          "version": "http://registry.npm.taobao.org/detect-indent/download/detect-indent-4.0.0.tgz",
          "bundled": true
        },
        "jsesc": {
          "version": "http://registry.npm.taobao.org/jsesc/download/jsesc-1.3.0.tgz",
          "bundled": true
        },
        "lodash": {
          "version": "http://registry.npm.taobao.org/lodash/download/lodash-4.17.10.tgz",
          "bundled": true
        },
        "source-map": {
          "version": "http://registry.npm.taobao.org/source-map/download/source-map-0.5.7.tgz",
          "bundled": true
        },
        "trim-right": {
          "version": "http://registry.npm.taobao.org/trim-right/download/trim-right-1.0.1.tgz",
          "bundled": true
        }
      }
    },
    "babel-helper-builder-react-jsx": {
      "version": "6.26.0",
      "resolved": "http://registry.npm.taobao.org/babel-helper-builder-react-jsx/download/babel-helper-builder-react-jsx-6.26.0.tgz",
      "dev": true,
      "requires": {
        "babel-runtime": "^6.26.0",
        "babel-types": "^6.26.0"
      },
      "dependencies": {
        "babel-runtime": {
          "version": "http://registry.npm.taobao.org/babel-runtime/download/babel-runtime-6.26.0.tgz",
          "bundled": true,
          "dependencies": {
            "core-js": {
              "version": "http://registry.npm.taobao.org/core-js/download/core-js-2.5.7.tgz"
            },
            "regenerator-runtime": {
              "version": "http://registry.npm.taobao.org/regenerator-runtime/download/regenerator-runtime-0.11.1.tgz"
            }
          }
        },
        "babel-types": {
          "version": "http://registry.npm.taobao.org/babel-types/download/babel-types-6.26.0.tgz",
          "bundled": true,
          "dependencies": {
            "babel-runtime": {
              "version": "http://registry.npm.taobao.org/babel-runtime/download/babel-runtime-6.26.0.tgz",
              "bundled": true,
              "dependencies": {
                "core-js": {
                  "version": "http://registry.npm.taobao.org/core-js/download/core-js-2.5.7.tgz"
                },
                "regenerator-runtime": {
                  "version": "http://registry.npm.taobao.org/regenerator-runtime/download/regenerator-runtime-0.11.1.tgz"
                }
              }
            },
            "esutils": {
              "version": "http://registry.npm.taobao.org/esutils/download/esutils-2.0.2.tgz",
              "bundled": true
            },
            "lodash": {
              "version": "http://registry.npm.taobao.org/lodash/download/lodash-4.17.10.tgz",
              "bundled": true
            },
            "to-fast-properties": {
              "version": "http://registry.npm.taobao.org/to-fast-properties/download/to-fast-properties-1.0.3.tgz",
              "bundled": true
            }
          }
        },
        "esutils": {
          "version": "http://registry.npm.taobao.org/esutils/download/esutils-2.0.2.tgz",
          "bundled": true
        }
      }
    },
    "babel-helpers": {
      "version": "6.24.1",
      "resolved": "http://registry.npm.taobao.org/babel-helpers/download/babel-helpers-6.24.1.tgz",
      "dev": true,
      "requires": {
        "babel-runtime": "^6.22.0",
        "babel-template": "^6.24.1"
      },
      "dependencies": {
        "babel-runtime": {
          "version": "http://registry.npm.taobao.org/babel-runtime/download/babel-runtime-6.26.0.tgz",
          "bundled": true,
          "dependencies": {
            "core-js": {
              "version": "http://registry.npm.taobao.org/core-js/download/core-js-2.5.7.tgz"
            },
            "regenerator-runtime": {
              "version": "http://registry.npm.taobao.org/regenerator-runtime/download/regenerator-runtime-0.11.1.tgz"
            }
          }
        },
        "babel-template": {
          "version": "http://registry.npm.taobao.org/babel-template/download/babel-template-6.26.0.tgz",
          "bundled": true
        }
      }
    },
    "babel-plugin-syntax-flow": {
      "version": "6.18.0",
      "resolved": "http://registry.npm.taobao.org/babel-plugin-syntax-flow/download/babel-plugin-syntax-flow-6.18.0.tgz",
      "dev": true
    },
    "babel-plugin-transform-flow-strip-types": {
      "version": "6.22.0",
      "resolved": "http://registry.npm.taobao.org/babel-plugin-transform-flow-strip-types/download/babel-plugin-transform-flow-strip-types-6.22.0.tgz",
      "dev": true,
      "requires": {
        "babel-plugin-syntax-flow": "^6.18.0",
        "babel-runtime": "^6.22.0"
      },
      "dependencies": {
        "babel-plugin-syntax-flow": {
          "version": "http://registry.npm.taobao.org/babel-plugin-syntax-flow/download/babel-plugin-syntax-flow-6.18.0.tgz",
          "bundled": true
        },
        "babel-runtime": {
          "version": "http://registry.npm.taobao.org/babel-runtime/download/babel-runtime-6.26.0.tgz",
          "bundled": true,
          "dependencies": {
            "core-js": {
              "version": "http://registry.npm.taobao.org/core-js/download/core-js-2.5.7.tgz"
            },
            "regenerator-runtime": {
              "version": "http://registry.npm.taobao.org/regenerator-runtime/download/regenerator-runtime-0.11.1.tgz"
            }
          }
        }
      }
    },
    "babel-plugin-transform-react-display-name": {
      "version": "6.25.0",
      "resolved": "http://registry.npm.taobao.org/babel-plugin-transform-react-display-name/download/babel-plugin-transform-react-display-name-6.25.0.tgz",
      "dev": true,
      "requires": {
        "babel-runtime": "^6.22.0"
      },
      "dependencies": {
        "babel-runtime": {
          "version": "http://registry.npm.taobao.org/babel-runtime/download/babel-runtime-6.26.0.tgz",
          "bundled": true,
          "dependencies": {
            "core-js": {
              "version": "http://registry.npm.taobao.org/core-js/download/core-js-2.5.7.tgz"
            },
            "regenerator-runtime": {
              "version": "http://registry.npm.taobao.org/regenerator-runtime/download/regenerator-runtime-0.11.1.tgz"
            }
          }
        }
      }
    },
    "babel-plugin-transform-react-jsx-source": {
      "version": "6.22.0",
      "resolved": "http://registry.npm.taobao.org/babel-plugin-transform-react-jsx-source/download/babel-plugin-transform-react-jsx-source-6.22.0.tgz",
      "dev": true,
      "requires": {
        "babel-runtime": "^6.22.0"
      },
      "dependencies": {
        "babel-plugin-syntax-jsx": {
          "version": "http://registry.npm.taobao.org/babel-plugin-syntax-jsx/download/babel-plugin-syntax-jsx-6.18.0.tgz",
          "bundled": true
        },
        "babel-runtime": {
          "version": "http://registry.npm.taobao.org/babel-runtime/download/babel-runtime-6.26.0.tgz",
          "bundled": true,
          "dependencies": {
            "core-js": {
              "version": "http://registry.npm.taobao.org/core-js/download/core-js-2.5.7.tgz"
            },
            "regenerator-runtime": {
              "version": "http://registry.npm.taobao.org/regenerator-runtime/download/regenerator-runtime-0.11.1.tgz"
            }
          }
        }
      }
    },
    "babel-preset-flow": {
      "version": "6.23.0",
      "resolved": "http://registry.npm.taobao.org/babel-preset-flow/download/babel-preset-flow-6.23.0.tgz",
      "dev": true,
      "requires": {
        "babel-plugin-transform-flow-strip-types": "^6.22.0"
      },
      "dependencies": {
        "babel-plugin-transform-flow-strip-types": {
          "version": "http://registry.npm.taobao.org/babel-plugin-transform-flow-strip-types/download/babel-plugin-transform-flow-strip-types-6.22.0.tgz",
          "bundled": true
        }
      }
    },
    "babel-preset-react": {
      "version": "6.24.1",
      "resolved": "http://registry.npm.taobao.org/babel-preset-react/download/babel-preset-react-6.24.1.tgz",
      "integrity": "sha1-umnfrqRfw+xjm2pOzqbhdwLJE4A=",
      "dev": true,
      "requires": {
        "babel-plugin-syntax-jsx": "^6.3.13",
        "babel-plugin-transform-react-display-name": "^6.23.0",
        "babel-plugin-transform-react-jsx": "^6.24.1",
        "babel-plugin-transform-react-jsx-self": "^6.22.0",
        "babel-plugin-transform-react-jsx-source": "^6.22.0",
        "babel-preset-flow": "^6.23.0"
      },
      "dependencies": {
        "babel-plugin-syntax-jsx": {
          "version": "6.18.0",
          "resolved": "http://registry.npm.taobao.org/babel-plugin-syntax-jsx/download/babel-plugin-syntax-jsx-6.18.0.tgz",
          "integrity": "sha1-CvMqmm4Tyno/1QaeYtew9Y0NiUY=",
          "dev": true
        },
        "babel-plugin-transform-react-jsx": {
          "version": "6.24.1",
          "resolved": "http://registry.npm.taobao.org/babel-plugin-transform-react-jsx/download/babel-plugin-transform-react-jsx-6.24.1.tgz",
          "integrity": "sha1-hAoCjn30YN/DotKfDA2R9jduZqM=",
          "dev": true,
          "requires": {
            "babel-helper-builder-react-jsx": "^6.24.1",
            "babel-plugin-syntax-jsx": "^6.8.0",
            "babel-runtime": "^6.22.0"
          }
        },
        "babel-plugin-transform-react-jsx-self": {
          "version": "6.22.0",
          "resolved": "http://registry.npm.taobao.org/babel-plugin-transform-react-jsx-self/download/babel-plugin-transform-react-jsx-self-6.22.0.tgz",
          "integrity": "sha1-322AqdomEqEh5t3XVYvL7PBuY24=",
          "dev": true,
          "requires": {
            "babel-plugin-syntax-jsx": "^6.8.0",
            "babel-runtime": "^6.22.0"
          }
        }
      }
    },
    "babel-runtime": {
      "version": "6.26.0",
      "resolved": "http://registry.npm.taobao.org/babel-runtime/download/babel-runtime-6.26.0.tgz",
      "dev": true,
      "requires": {
        "core-js": "^2.4.0",
        "regenerator-runtime": "^0.11.0"
      },
      "dependencies": {
        "core-js": {
          "version": "http://registry.npm.taobao.org/core-js/download/core-js-2.5.7.tgz"
        },
        "regenerator-runtime": {
          "version": "http://registry.npm.taobao.org/regenerator-runtime/download/regenerator-runtime-0.11.1.tgz"
        }
      }
    },
    "babel-template": {
      "version": "6.26.0",
      "resolved": "http://registry.npm.taobao.org/babel-template/download/babel-template-6.26.0.tgz",
      "dev": true,
      "requires": {
        "babel-runtime": "^6.26.0",
        "babel-types": "^6.26.0",
        "babylon": "^6.18.0",
        "lodash": "^4.17.4"
      },
      "dependencies": {
        "babel-runtime": {
          "version": "http://registry.npm.taobao.org/babel-runtime/download/babel-runtime-6.26.0.tgz",
          "bundled": true,
          "dependencies": {
            "core-js": {
              "version": "http://registry.npm.taobao.org/core-js/download/core-js-2.5.7.tgz"
            },
            "regenerator-runtime": {
              "version": "http://registry.npm.taobao.org/regenerator-runtime/download/regenerator-runtime-0.11.1.tgz"
            }
          }
        },
        "babel-traverse": {
          "version": "http://registry.npm.taobao.org/babel-traverse/download/babel-traverse-6.26.0.tgz",
          "bundled": true
        },
        "babel-types": {
          "version": "http://registry.npm.taobao.org/babel-types/download/babel-types-6.26.0.tgz",
          "bundled": true,
          "dependencies": {
            "babel-runtime": {
              "version": "http://registry.npm.taobao.org/babel-runtime/download/babel-runtime-6.26.0.tgz",
              "bundled": true,
              "dependencies": {}
            },
            "esutils": {
              "version": "http://registry.npm.taobao.org/esutils/download/esutils-2.0.2.tgz",
              "bundled": true
            },
            "lodash": {
              "version": "http://registry.npm.taobao.org/lodash/download/lodash-4.17.10.tgz",
              "bundled": true
            },
            "to-fast-properties": {
              "version": "http://registry.npm.taobao.org/to-fast-properties/download/to-fast-properties-1.0.3.tgz",
              "bundled": true
            }
          }
        },
        "babylon": {
          "version": "http://registry.npm.taobao.org/babylon/download/babylon-6.18.0.tgz",
          "bundled": true
        },
        "lodash": {
          "version": "http://registry.npm.taobao.org/lodash/download/lodash-4.17.10.tgz",
          "bundled": true
        }
      }
    },
    "babel-types": {
      "version": "6.26.0",
      "resolved": "http://registry.npm.taobao.org/babel-types/download/babel-types-6.26.0.tgz",
      "dev": true,
      "requires": {
        "babel-runtime": "^6.26.0",
        "lodash": "^4.17.4"
      },
      "dependencies": {
        "babel-runtime": {
          "version": "http://registry.npm.taobao.org/babel-runtime/download/babel-runtime-6.26.0.tgz",
          "bundled": true,
          "dependencies": {}
        },
        "esutils": {
          "version": "http://registry.npm.taobao.org/esutils/download/esutils-2.0.2.tgz",
          "bundled": true
        },
        "lodash": {
          "version": "http://registry.npm.taobao.org/lodash/download/lodash-4.17.10.tgz",
          "bundled": true
        },
        "to-fast-properties": {
          "version": "http://registry.npm.taobao.org/to-fast-properties/download/to-fast-properties-1.0.3.tgz",
          "bundled": true
        }
      }
    },
    "babylon": {
      "version": "6.18.0",
      "resolved": "http://registry.npm.taobao.org/babylon/download/babylon-6.18.0.tgz",
      "dev": true
    },
    "balanced-match": {
      "version": "1.0.0",
      "resolved": "http://registry.npm.taobao.org/balanced-match/download/balanced-match-1.0.0.tgz",
      "dev": true
    },
    "brace-expansion": {
      "version": "1.1.11",
      "resolved": "http://registry.npm.taobao.org/brace-expansion/download/brace-expansion-1.1.11.tgz",
      "dev": true,
      "requires": {
        "balanced-match": "^1.0.0"
      },
      "dependencies": {
        "balanced-match": {
          "version": "http://registry.npm.taobao.org/balanced-match/download/balanced-match-1.0.0.tgz",
          "bundled": true
        },
        "concat-map": {
          "version": "http://registry.npm.taobao.org/concat-map/download/concat-map-0.0.1.tgz",
          "bundled": true
        }
      }
    },
    "convert-source-map": {
      "version": "1.5.1",
      "resolved": "http://registry.npm.taobao.org/convert-source-map/download/convert-source-map-1.5.1.tgz",
      "dev": true
    },
    "core-js": {
      "version": "2.5.7",
      "resolved": "http://registry.npm.taobao.org/core-js/download/core-js-2.5.7.tgz",
      "dev": true
    },
    "debug": {
      "version": "2.6.9",
      "resolved": "http://registry.npm.taobao.org/debug/download/debug-2.6.9.tgz",
      "dev": true,
      "dependencies": {
        "ms": {
          "version": "http://registry.npm.taobao.org/ms/download/ms-2.0.0.tgz",
          "bundled": true
        }
      }
    },
    "globals": {
      "version": "9.18.0",
      "resolved": "http://registry.npm.taobao.org/globals/download/globals-9.18.0.tgz",
      "dev": true
    },
    "home-or-tmp": {
      "version": "2.0.0",
      "resolved": "http://registry.npm.taobao.org/home-or-tmp/download/home-or-tmp-2.0.0.tgz",
      "dev": true,
      "dependencies": {
        "os-homedir": {
          "version": "http://registry.npm.taobao.org/os-homedir/download/os-homedir-1.0.2.tgz",
          "bundled": true
        },
        "os-tmpdir": {
          "version": "http://registry.npm.taobao.org/os-tmpdir/download/os-tmpdir-1.0.2.tgz",
          "bundled": true
        }
      }
    },
    "invariant": {
      "version": "2.2.4",
      "resolved": "http://registry.npm.taobao.org/invariant/download/invariant-2.2.4.tgz",
      "dev": true,
      "dependencies": {
        "loose-envify": {
          "version": "http://registry.npm.taobao.org/loose-envify/download/loose-envify-1.4.0.tgz",
          "bundled": true
        }
      }
    },
    "lodash": {
      "version": "4.17.10",
      "resolved": "http://registry.npm.taobao.org/lodash/download/lodash-4.17.10.tgz",
      "dev": true
    },
    "minimatch": {
      "version": "3.0.4",
      "resolved": "http://registry.npm.taobao.org/minimatch/download/minimatch-3.0.4.tgz",
      "dev": true,
      "requires": {
        "brace-expansion": "^1.1.7"
      },
      "dependencies": {
        "brace-expansion": {
          "version": "http://registry.npm.taobao.org/brace-expansion/download/brace-expansion-1.1.11.tgz",
          "bundled": true
        }
      }
    },
    "minimist": {
      "version": "0.0.8",
      "resolved": "http://registry.npm.taobao.org/minimist/download/minimist-0.0.8.tgz",
      "dev": true
    },
    "private": {
      "version": "0.1.8",
      "resolved": "http://registry.npm.taobao.org/private/download/private-0.1.8.tgz",
      "dev": true
    },
    "regenerator-runtime": {
      "version": "0.11.1",
      "resolved": "http://registry.npm.taobao.org/regenerator-runtime/download/regenerator-runtime-0.11.1.tgz",
      "dev": true
    },
    "slash": {
      "version": "1.0.0",
      "resolved": "http://registry.npm.taobao.org/slash/download/slash-1.0.0.tgz",
      "dev": true
    }
  }
}
